# This file is automatically @generated by Cargo.
# It is not intended for manual editing.
version = 4

[[package]]
name = "base16ct"
version = "0.2.0"
source = "registry+https://github.com/rust-lang/crates.io-index"
checksum = "4c7f02d4ea65f2c1853089ffd8d2787bdbc63de2f0d29dedbcf8ccdfa0ccd4cf"

[[package]]
name = "block-buffer"
version = "0.10.4"
source = "registry+https://github.com/rust-lang/crates.io-index"
checksum = "3078c7629b62d3f0439517fa394996acacc5cbc91c5a20d8c658e77abd503a71"
dependencies = [
 "generic-array",
]

[[package]]
name = "bytes"
version = "1.12.0"
source = "registry+https://github.com/rust-lang/crates.io-index"
checksum = "8ae3f5d315924270530207e2a68396c3cc547f6dca3fbdca317cfb1a51edb593"

[[package]]
name = "cesu8"
version = "1.1.0"
source = "registry+https://github.com/rust-lang/crates.io-index"
checksum = "6d43a04d8753f35258c91f8ec639f792891f748a1edbd759cf1dcea3382ad83c"

[[package]]
name = "cfg-if"
version = "1.0.4"
source = "registry+https://github.com/rust-lang/crates.io-index"
checksum = "9330f8b2ff13f34540b44e946ef35111825727b38d33286ef986142615121801"

[[package]]
name = "combine"
version = "4.6.7"
source = "registry+https://github.com/rust-lang/crates.io-index"
checksum = "ba5a308b75df32fe02788e748662718f03fde005016435c444eea572398219fd"
dependencies = [
 "bytes",
 "memchr",
]

[[package]]
name = "const-oid"
version = "0.9.6"
source = "registry+https://github.com/rust-lang/crates.io-index"
checksum = "c2459377285ad874054d797f3ccebf984978aa39129f6eafde5cdc8315b612f8"

[[package]]
name = "cpufeatures"
version = "0.2.17"
source = "registry+https://github.com/rust-lang/crates.io-index"
checksum = "59ed5838eebb26a2bb2e58f6d5b5316989ae9d08bab10e0e6d103e656d1b0280"
dependencies = [
 "libc",
]

[[package]]
name = "crypto-bigint"
version = "0.5.5"
source = "registry+https://github.com/rust-lang/crates.io-index"
checksum = "0dc92fb57ca44df6db8059111ab3af99a63d5d0f8375d9972e319a379c6bab76"
dependencies = [
 "generic-array",
 "rand_core",
 "subtle",
 "zeroize",
]

[[package]]
name = "crypto-common"
version = "0.1.6"
source = "registry+https://github.com/rust-lang/crates.io-index"
checksum = "1bfb12502f3fc46cca1bb51ac28df9d618d813cdc3d2f25b9fe775a34af26bb3"
dependencies = [
 "generic-array",
 "typenum",
]

[[package]]
name = "curve25519-dalek"
version = "4.1.3"
source = "registry+https://github.com/rust-lang/crates.io-index"
checksum = "97fb8b7c4503de7d6ae7b42ab72a5a59857b4c937ec27a3d4539dba95b5ab2be"
dependencies = [
 "cfg-if",
 "cpufeatures",
 "curve25519-dalek-derive",
 "fiat-crypto",
 "rand_core",
 "rustc_version",
 "subtle",
 "zeroize",
]

[[package]]
name = "curve25519-dalek-derive"
version = "0.1.1"
source = "registry+https://github.com/rust-lang/crates.io-index"
checksum = "f46882e17999c6cc590af592290432be3bce0428cb0d5f8b6715e4dc7b383eb3"
dependencies = [
 "proc-macro2",
 "quote",
 "syn",
]

[[package]]
name = "der"
version = "0.7.10"
source = "registry+https://github.com/rust-lang/crates.io-index"
checksum = "e7c1832837b905bbfb5101e07cc24c8deddf52f93225eee6ead5f4d63d53ddcb"
dependencies = [
 "const-oid",
 "zeroize",
]

[[package]]
name = "derive-where"
version = "1.6.1"
source = "registry+https://github.com/rust-lang/crates.io-index"
checksum = "d08b3a0bcc0d079199cd476b2cae8435016ec11d1c0986c6901c5ac223041534"
dependencies = [
 "proc-macro2",
 "quote",
 "syn",
]

[[package]]
name = "digest"
version = "0.10.7"
source = "registry+https://github.com/rust-lang/crates.io-index"
checksum = "9ed9a281f7bc9b7576e61468ba615a66a5c8cfdff42420a70aa82701a3b1e292"
dependencies = [
 "block-buffer",
 "crypto-common",
]

[[package]]
name = "displaydoc"
version = "0.2.6"
source = "registry+https://github.com/rust-lang/crates.io-index"
checksum = "1ac70aa55017e108007fbaf5aa0f54b021c98f92ff8af59d42eda9da96e3dd4f"
dependencies = [
 "proc-macro2",
 "quote",
 "syn",
]

[[package]]
name = "elliptic-curve"
version = "0.13.8"
source = "registry+https://github.com/rust-lang/crates.io-index"
checksum = "b5e6043086bf7973472e0c7dff2142ea0b680d30e18d9cc40f267efbf222bd47"
dependencies = [
 "base16ct",
 "crypto-bigint",
 "digest",
 "ff",
 "generic-array",
 "group",
 "rand_core",
 "sec1",
 "subtle",
 "zeroize",
]

[[package]]
name = "ff"
version = "0.13.1"
source = "registry+https://github.com/rust-lang/crates.io-index"
checksum = "c0b50bfb653653f9ca9095b427bed08ab8d75a137839d9ad64eb11810d5b6393"
dependencies = [
 "rand_core",
 "subtle",
]

[[package]]
name = "fiat-crypto"
version = "0.2.9"
source = "registry+https://github.com/rust-lang/crates.io-index"
checksum = "28dea519a9695b9977216879a3ebfddf92f1c08c05d984f8996aecd6ecdc811d"

[[package]]
name = "generic-array"
version = "0.14.9"
source = "registry+https://github.com/rust-lang/crates.io-index"
checksum = "4bb6743198531e02858aeaea5398fcc883e71851fcbcb5a2f773e2fb6cb1edf2"
dependencies = [
 "typenum",
 "version_check",
 "zeroize",
]

[[package]]
name = "getrandom"
version = "0.2.17"
source = "registry+https://github.com/rust-lang/crates.io-index"
checksum = "ff2abc00be7fca6ebc474524697ae276ad847ad0a6b3faa4bcb027e9a4614ad0"
dependencies = [
 "cfg-if",
 "libc",
 "wasi",
]

[[package]]
name = "group"
version = "0.13.0"
source = "registry+https://github.com/rust-lang/crates.io-index"
checksum = "f0f9ef7462f7c099f518d754361858f86d8a07af53ba9af0fe635bbccb151a63"
dependencies = [
 "ff",
 "rand_core",
 "subtle",
]

[[package]]
name = "jni"
version = "0.21.1"
source = "registry+https://github.com/rust-lang/crates.io-index"
checksum = "1a87aa2bb7d2af34197c04845522473242e1aa17c12f4935d5856491a7fb8c97"
dependencies = [
 "cesu8",
 "cfg-if",
 "combine",
 "jni-sys 0.3.1",
 "log",
 "thiserror",
 "walkdir",
 "windows-sys 0.45.0",
]

[[package]]
name = "jni-sys"
version = "0.3.1"
source = "registry+https://github.com/rust-lang/crates.io-index"
checksum = "41a652e1f9b6e0275df1f15b32661cf0d4b78d4d87ddec5e0c3c20f097433258"
dependencies = [
 "jni-sys 0.4.1",
]

[[package]]
name = "jni-sys"
version = "0.4.1"
source = "registry+https://github.com/rust-lang/crates.io-index"
checksum = "c6377a88cb3910bee9b0fa88d4f42e1d2da8e79915598f65fb0c7ee14c878af2"
dependencies = [
 "jni-sys-macros",
]

[[package]]
name = "jni-sys-macros"
version = "0.4.1"
source = "registry+https://github.com/rust-lang/crates.io-index"
checksum = "38c0b942f458fe50cdac086d2f946512305e5631e720728f2a61aabcd47a6264"
dependencies = [
 "quote",
 "syn",
]

[[package]]
name = "libc"
version = "0.2.186"
source = "registry+https://github.com/rust-lang/crates.io-index"
checksum = "68ab91017fe16c622486840e4c83c9a37afeff978bd239b5293d61ece587de66"

[[package]]
name = "log"
version = "0.4.33"
source = "registry+https://github.com/rust-lang/crates.io-index"
checksum = "0ceec5bc11778974d1bcb055b18002eba7f4b3518b6a0081b3af5f21666da9ad"

[[package]]
name = "memchr"
version = "2.8.2"
source = "registry+https://github.com/rust-lang/crates.io-index"
checksum = "88904434abc2901f197fe8cc55f0445e7ded921dba5911dad2e2b39b48e663c4"

[[package]]
name = "meshoprf"
version = "0.1.0"
dependencies = [
 "jni",
 "zat-oprf-client",
]

[[package]]
name = "ppv-lite86"
version = "0.2.21"
source = "registry+https://github.com/rust-lang/crates.io-index"
checksum = "85eae3c4ed2f50dcfe72643da4befc30deadb458a9b590d720cde2f2b1e97da9"
dependencies = [
 "zerocopy",
]

[[package]]
name = "proc-macro2"
version = "1.0.106"
source = "registry+https://github.com/rust-lang/crates.io-index"
checksum = "8fd00f0bb2e90d81d1044c2b32617f68fcb9fa3bb7640c23e9c748e53fb30934"
dependencies = [
 "unicode-ident",
]

[[package]]
name = "quote"
version = "1.0.46"
source = "registry+https://github.com/rust-lang/crates.io-index"
checksum = "dfbc457d0c7a0759a614551b11a6409e5951f6c7537be1f1b7682b9ae9230368"
dependencies = [
 "proc-macro2",
]

[[package]]
name = "rand"
version = "0.8.6"
source = "registry+https://github.com/rust-lang/crates.io-index"
checksum = "5ca0ecfa931c29007047d1bc58e623ab12e5590e8c7cc53200d5202b69266d8a"
dependencies = [
 "libc",
 "rand_chacha",
 "rand_core",
]

[[package]]
name = "rand_chacha"
version = "0.3.1"
source = "registry+https://github.com/rust-lang/crates.io-index"
checksum = "e6c10a63a0fa32252be49d21e7709d4d4baf8d231c2dbce1eaa8141b9b127d88"
dependencies = [
 "ppv-lite86",
 "rand_core",
]

[[package]]
name = "rand_core"
version = "0.6.4"
source = "registry+https://github.com/rust-lang/crates.io-index"
checksum = "ec0be4795e2f6a28069bec0b5ff3e2ac9bafc99e6a9a7dc3547996c5c816922c"
dependencies = [
 "getrandom",
]

[[package]]
name = "rustc_version"
version = "0.4.1"
source = "registry+https://github.com/rust-lang/crates.io-index"
checksum = "cfcb3a22ef46e85b45de6ee7e79d063319ebb6594faafcf1c225ea92ab6e9b92"
dependencies = [
 "semver",
]

[[package]]
name = "same-file"
version = "1.0.6"
source = "registry+https://github.com/rust-lang/crates.io-index"
checksum = "93fc1dc3aaa9bfed95e02e6eadabb4baf7e3078b0bd1b4d7b6b0b68378900502"
dependencies = [
 "winapi-util",
]

[[package]]
name = "sec1"
version = "0.7.3"
source = "registry+https://github.com/rust-lang/crates.io-index"
checksum = "d3e97a565f76233a6003f9f5c54be1d9c5bdfa3eccfb189469f11ec4901c47dc"
dependencies = [
 "base16ct",
 "der",
 "generic-array",
 "subtle",
 "zeroize",
]

[[package]]
name = "semver"
version = "1.0.28"
source = "registry+https://github.com/rust-lang/crates.io-index"
checksum = "8a7852d02fc848982e0c167ef163aaff9cd91dc640ba85e263cb1ce46fae51cd"

[[package]]
name = "serde"
version = "1.0.228"
source = "registry+https://github.com/rust-lang/crates.io-index"
checksum = "9a8e94ea7f378bd32cbbd37198a4a91436180c5bb472411e48b5ec2e2124ae9e"
dependencies = [
 "serde_core",
 "serde_derive",
]

[[package]]
name = "serde_core"
version = "1.0.228"
source = "registry+https://github.com/rust-lang/crates.io-index"
checksum = "41d385c7d4ca58e59fc732af25c3983b67ac852c1a25000afe1175de458b67ad"
dependencies = [
 "serde_derive",
]

[[package]]
name = "serde_derive"
version = "1.0.228"
source = "registry+https://github.com/rust-lang/crates.io-index"
checksum = "d540f220d3187173da220f885ab66608367b6574e925011a9353e4badda91d79"
dependencies = [
 "proc-macro2",
 "quote",
 "syn",
]

[[package]]
name = "sha2"
version = "0.10.9"
source = "registry+https://github.com/rust-lang/crates.io-index"
checksum = "a7507d819769d01a365ab707794a4084392c824f54a7a6a7862f8c3d0892b283"
dependencies = [
 "cfg-if",
 "cpufeatures",
 "digest",
]

[[package]]
name = "subtle"
version = "2.6.1"
source = "registry+https://github.com/rust-lang/crates.io-index"
checksum = "13c2bddecc57b384dee18652358fb23172facb8a2c51ccc10d74c157bdea3292"

[[package]]
name = "syn"
version = "2.0.118"
source = "registry+https://github.com/rust-lang/crates.io-index"
checksum = "1b9ae57f904213ebb649ce6895b8a66c66f0203b9319718f69a5612a065b1422"
dependencies = [
 "proc-macro2",
 "quote",
 "unicode-ident",
]

[[package]]
name = "thiserror"
version = "1.0.69"
source = "registry+https://github.com/rust-lang/crates.io-index"
checksum = "b6aaf5339b578ea85b50e080feb250a3e8ae8cfcdff9a461c9ec2904bc923f52"
dependencies = [
 "thiserror-impl",
]

[[package]]
name = "thiserror-impl"
version = "1.0.69"
source = "registry+https://github.com/rust-lang/crates.io-index"
checksum = "4fee6c4efc90059e10f81e6d42c60a18f76588c3d74cb83a0b242a2b6c7504c1"
dependencies = [
 "proc-macro2",
 "quote",
 "syn",
]

[[package]]
name = "typenum"
version = "1.20.1"
source = "registry+https://github.com/rust-lang/crates.io-index"
checksum = "b6f5e870be6c3b371b77fe0ee0bafb859fa4964b4404c27de1d380043c4dda20"

[[package]]
name = "unicode-ident"
version = "1.0.24"
source = "registry+https://github.com/rust-lang/crates.io-index"
checksum = "e6e4313cd5fcd3dad5cafa179702e2b244f760991f45397d14d4ebf38247da75"

[[package]]
name = "version_check"
version = "0.9.5"
source = "registry+https://github.com/rust-lang/crates.io-index"
checksum = "0b928f33d975fc6ad9f86c8f283853ad26bdd5b10b7f1542aa2fa15e2289105a"

[[package]]
name = "voprf"
version = "0.5.0"
source = "registry+https://github.com/rust-lang/crates.io-index"
checksum = "28f59c30c76e2fea54cdece6a054e2662feffa7ab19658a7887524265ee39470"
dependencies = [
 "curve25519-dalek",
 "derive-where",
 "digest",
 "displaydoc",
 "elliptic-curve",
 "generic-array",
 "rand_core",
 "serde",
 "sha2",
 "subtle",
 "zeroize",
]

[[package]]
name = "walkdir"
version = "2.5.0"
source = "registry+https://github.com/rust-lang/crates.io-index"
checksum = "29790946404f91d9c5d06f9874efddea1dc06c5efe94541a7d6863108e3a5e4b"
dependencies = [
 "same-file",
 "winapi-util",
]

[[package]]
name = "wasi"
version = "0.11.1+wasi-snapshot-preview1"
source = "registry+https://github.com/rust-lang/crates.io-index"
checksum = "ccf3ec651a847eb01de73ccad15eb7d99f80485de043efb2f370cd654f4ea44b"

[[package]]
name = "winapi-util"
version = "0.1.11"
source = "registry+https://github.com/rust-lang/crates.io-index"
checksum = "c2a7b1c03c876122aa43f3020e6c3c3ee5c05081c9a00739faf7503aeba10d22"
dependencies = [
 "windows-sys 0.61.2",
]

[[package]]
name = "windows-link"
version = "0.2.1"
source = "registry+https://github.com/rust-lang/crates.io-index"
checksum = "f0805222e57f7521d6a62e36fa9163bc891acd422f971defe97d64e70d0a4fe5"

[[package]]
name = "windows-sys"
version = "0.45.0"
source = "registry+https://github.com/rust-lang/crates.io-index"
checksum = "75283be5efb2831d37ea142365f009c02ec203cd29a3ebecbc093d52315b66d0"
dependencies = [
 "windows-targets",
]

[[package]]
name = "windows-sys"
version = "0.61.2"
source = "registry+https://github.com/rust-lang/crates.io-index"
checksum = "ae137229bcbd6cdf0f7b80a31df61766145077ddf49416a728b02cb3921ff3fc"
dependencies = [
 "windows-link",
]

[[package]]
name = "windows-targets"
version = "0.42.2"
source = "registry+https://github.com/rust-lang/crates.io-index"
checksum = "8e5180c00cd44c9b1c88adb3693291f1cd93605ded80c250a75d472756b4d071"
dependencies = [
 "windows_aarch64_gnullvm",
 "windows_aarch64_msvc",
 "windows_i686_gnu",
 "windows_i686_msvc",
 "windows_x86_64_gnu",
 "windows_x86_64_gnullvm",
 "windows_x86_64_msvc",
]

[[package]]
name = "windows_aarch64_gnullvm"
version = "0.42.2"
source = "registry+https://github.com/rust-lang/crates.io-index"
checksum = "597a5118570b68bc08d8d59125332c54f1ba9d9adeedeef5b99b02ba2b0698f8"

[[package]]
name = "windows_aarch64_msvc"
version = "0.42.2"
source = "registry+https://github.com/rust-lang/crates.io-index"
checksum = "e08e8864a60f06ef0d0ff4ba04124db8b0fb3be5776a5cd47641e942e58c4d43"

[[package]]
name = "windows_i686_gnu"
version = "0.42.2"
source = "registry+https://github.com/rust-lang/crates.io-index"
checksum = "c61d927d8da41da96a81f029489353e68739737d3beca43145c8afec9a31a84f"

[[package]]
name = "windows_i686_msvc"
version = "0.42.2"
source = "registry+https://github.com/rust-lang/crates.io-index"
checksum = "44d840b6ec649f480a41c8d80f9c65108b92d89345dd94027bfe06ac444d1060"

[[package]]
name = "windows_x86_64_gnu"
version = "0.42.2"
source = "registry+https://github.com/rust-lang/crates.io-index"
checksum = "8de912b8b8feb55c064867cf047dda097f92d51efad5b491dfb98f6bbb70cb36"

[[package]]
name = "windows_x86_64_gnullvm"
version = "0.42.2"
source = "registry+https://github.com/rust-lang/crates.io-index"
checksum = "26d41b46a36d453748aedef1486d5c7a85db22e56aff34643984ea85514e94a3"

[[package]]
name = "windows_x86_64_msvc"
version = "0.42.2"
source = "registry+https://github.com/rust-lang/crates.io-index"
checksum = "9aec5da331524158c6d1a4ac0ab1541149c0b9505fde06423b02f5ef0106b9f0"

[[package]]
name = "zat-oprf-client"
version = "0.1.0"
dependencies = [
 "rand",
 "sha2",
 "voprf",
 "zat-threshold-oprf",
]

[[package]]
name = "zat-threshold-oprf"
version = "0.1.0"
dependencies = [
 "curve25519-dalek",
 "rand",
 "sha2",
]

[[package]]
name = "zerocopy"
version = "0.8.52"
source = "registry+https://github.com/rust-lang/crates.io-index"
checksum = "ce1022995ff5ff5d841ad7d994facc23098cd40152f2c1d11cd607c6f530653f"
dependencies = [
 "zerocopy-derive",
]

[[package]]
name = "zerocopy-derive"
version = "0.8.52"
source = "registry+https://github.com/rust-lang/crates.io-index"
checksum = "1ae7f38b72ec2a254e2b87ef277cf2cd4fb97cbebf944faa6f33354da0867930"
dependencies = [
 "proc-macro2",
 "quote",
 "syn",
]

[[package]]
name = "zeroize"
version = "1.9.0"
source = "registry+https://github.com/rust-lang/crates.io-index"
checksum = "e13c156562582aa81c60cb29407084cdb54c4164760106ab78e6c5b0858cf64e"
